# THIS IS AN AUTOGENERATED FILE. DO NOT EDIT THIS FILE DIRECTLY.
# yarn lockfile v1


typeface-fjalla-one@1.1.13:
  version "1.1.13"
  resolved "https://registry.yarnpkg.com/typeface-fjalla-one/-/typeface-fjalla-one-1.1.13.tgz#312d1b86c0ca1ee29f4b69ec6312ff81fd9e7bd9"
  integrity sha512-cTe0C6an5mcWSqcXgnzRFZtBUrb1enRLuO5gX4qCj/4UUVeaspKxuLu2/w6zvTc63T0Yk0WjJrz/wtw+BYYELw==
